schema: '2.0'
stages:
  preprocess:
    cmd: python data_analysis_pipeline/scripts/preprocess.py
    deps:
    - path: data_analysis_pipeline/data/raw/manuscripts_group.csv
      md5: d80b8191ee7a169ec00bd2c3d76f6c6e
      size: 15278866
    - path: data_analysis_pipeline/data/raw/members_stats.csv
      md5: 3a119e0e1dff9a0dfc8cf087378113a8
      size: 190167
    - path: data_analysis_pipeline/scripts/preprocess.py
      md5: f1981e14460058d90d914bed0e6e452e
      size: 23796
    outs:
    - path: data_analysis_pipeline/data/prepared/members_stats_final.csv
      md5: c99e2eb806833cc8032477b2f8ffe8e0
      size: 109138
    - path: data_analysis_pipeline/data/prepared/production_members_final.csv
      md5: 10456649c8387019f0c473dd551d7535
      size: 8985814
  generate_nets:
    cmd: python data_analysis_pipeline/scripts/generate_nets.py
    deps:
    - path: data_analysis_pipeline/data/prepared/members_stats_final.csv
      md5: c99e2eb806833cc8032477b2f8ffe8e0
      size: 109138
    - path: data_analysis_pipeline/data/prepared/production_members_final.csv
      md5: 10456649c8387019f0c473dd551d7535
      size: 8985814
    - path: data_analysis_pipeline/scripts/generate_nets.py
      md5: c7d54fb061eb6352fbaac93096f170e8
      size: 7853
    outs:
    - path: data_analysis_pipeline/data/networks
      md5: 8f2a1fa8508ad70db46a0037ccec8b9c.dir
      size: 26071012
      nfiles: 52
  generate_metrics:
    cmd: python data_analysis_pipeline/scripts/generate_metrics.py
    deps:
    - path: data_analysis_pipeline/data/networks
      md5: 8f2a1fa8508ad70db46a0037ccec8b9c.dir
      size: 26071012
      nfiles: 52
    - path: data_analysis_pipeline/data/prepared/production_members_final.csv
      md5: 10456649c8387019f0c473dd551d7535
      size: 8985814
    - path: data_analysis_pipeline/scripts/generate_metrics.py
      md5: 342bddcbfaaeb00ceffe64c95b20e1c0
      size: 5027
    outs:
    - path: data_analysis_pipeline/data/prepared/metrics_cumulative.csv
      md5: f7b2e117e3d9814e084ba58adb859383
      size: 9112575
    - path: data_analysis_pipeline/data/prepared/metrics_cumulative_2_window.csv
      md5: 4ff33ac255ec77e0c500ae4c9618d6f0
      size: 3886137
    - path: data_analysis_pipeline/data/prepared/metrics_cumulative_4_window.csv
      md5: df20cecf1c892b2af13ea67978f438e7
      size: 6096389
    - path: data_analysis_pipeline/data/prepared/metrics_isolated.csv
      md5: fa308691f374e2641cfa8c0bb15625db
      size: 2211699
  data_analysis:
    cmd: python data_analysis_pipeline/scripts/generate_analysis.py
    deps:
    - path: data_analysis_pipeline/data/networks
      md5: 8f2a1fa8508ad70db46a0037ccec8b9c.dir
      size: 26071012
      nfiles: 52
    - path: data_analysis_pipeline/data/prepared/members_stats_final.csv
      md5: c99e2eb806833cc8032477b2f8ffe8e0
      size: 109138
    - path: data_analysis_pipeline/data/prepared/metrics_cumulative.csv
      md5: f7b2e117e3d9814e084ba58adb859383
      size: 9112575
    - path: data_analysis_pipeline/data/prepared/metrics_cumulative_2_window.csv
      md5: 4ff33ac255ec77e0c500ae4c9618d6f0
      size: 3886137
    - path: data_analysis_pipeline/data/prepared/metrics_cumulative_4_window.csv
      md5: df20cecf1c892b2af13ea67978f438e7
      size: 6096389
    - path: data_analysis_pipeline/data/prepared/metrics_isolated.csv
      md5: fa308691f374e2641cfa8c0bb15625db
      size: 2211699
    - path: data_analysis_pipeline/data/prepared/production_members_final.csv
      md5: 10456649c8387019f0c473dd551d7535
      size: 8985814
    - path: data_analysis_pipeline/scripts/generate_analysis.py
      md5: 72c4bd7aba73943ac51086cfc8c189bb
      size: 35991
    outs:
    - path: data_analysis_pipeline/data/output
      md5: dd9ce96e89660262572f9e96f7455257.dir
      size: 16919977
      nfiles: 33
