schema: '2.0'
stages:
  preprocess:
    cmd: python data_analysis_pipeline/scripts/preprocess.py
    deps:
    - path: data_analysis_pipeline/data/raw/manuscripts_group.csv
      md5: d80b8191ee7a169ec00bd2c3d76f6c6e
      size: 15278866
    - path: data_analysis_pipeline/data/raw/members_stats.csv
      md5: 3a119e0e1dff9a0dfc8cf087378113a8
      size: 190167
    - path: data_analysis_pipeline/scripts/preprocess.py
      md5: f1981e14460058d90d914bed0e6e452e
      size: 23796
    outs:
    - path: data_analysis_pipeline/data/prepared/members_stats_final.csv
      md5: cd529510acfc2e9b105961fa7338c395
      size: 109138
    - path: data_analysis_pipeline/data/prepared/production_members_final.csv
      md5: 67b926e8c58fe502fe285cd8029d0fc4
      size: 8985810
  generate_nets:
    cmd: python data_analysis_pipeline/scripts/generate_nets.py
    deps:
    - path: data_analysis_pipeline/data/prepared/members_stats_final.csv
      md5: cd529510acfc2e9b105961fa7338c395
      size: 109138
    - path: data_analysis_pipeline/data/prepared/production_members_final.csv
      md5: 67b926e8c58fe502fe285cd8029d0fc4
      size: 8985810
    - path: data_analysis_pipeline/scripts/generate_nets.py
      md5: c7d54fb061eb6352fbaac93096f170e8
      size: 7853
    outs:
    - path: data_analysis_pipeline/data/networks
      md5: e2c283ffe93e49d2bf9ecd20caee472c.dir
      size: 26071012
      nfiles: 52
  generate_metrics:
    cmd: python data_analysis_pipeline/scripts/generate_metrics.py
    deps:
    - path: data_analysis_pipeline/data/networks
      md5: e2c283ffe93e49d2bf9ecd20caee472c.dir
      size: 26071012
      nfiles: 52
    - path: data_analysis_pipeline/data/prepared/production_members_final.csv
      md5: 67b926e8c58fe502fe285cd8029d0fc4
      size: 8985810
    - path: data_analysis_pipeline/scripts/generate_metrics.py
      md5: 342bddcbfaaeb00ceffe64c95b20e1c0
      size: 5027
    outs:
    - path: data_analysis_pipeline/data/prepared/metrics_cumulative.csv
      md5: 7549ec220c4f951774c18fe1c71b8921
      size: 9111766
    - path: data_analysis_pipeline/data/prepared/metrics_cumulative_2_window.csv
      md5: ae09a05784e92ff2518fba0f16913335
      size: 3886491
    - path: data_analysis_pipeline/data/prepared/metrics_cumulative_4_window.csv
      md5: affde752436dbd9483f77f9453aed5b9
      size: 6095853
    - path: data_analysis_pipeline/data/prepared/metrics_isolated.csv
      md5: ab0dc74ffae09507d6ad604453d4c593
      size: 2211828
  data_analysis:
    cmd: python data_analysis_pipeline/scripts/generate_analysis.py
    deps:
    - path: data_analysis_pipeline/data/networks
      md5: e2c283ffe93e49d2bf9ecd20caee472c.dir
      size: 26071012
      nfiles: 52
    - path: data_analysis_pipeline/data/prepared/members_stats_final.csv
      md5: cd529510acfc2e9b105961fa7338c395
      size: 109138
    - path: data_analysis_pipeline/data/prepared/metrics_cumulative.csv
      md5: 7549ec220c4f951774c18fe1c71b8921
      size: 9111766
    - path: data_analysis_pipeline/data/prepared/metrics_cumulative_2_window.csv
      md5: ae09a05784e92ff2518fba0f16913335
      size: 3886491
    - path: data_analysis_pipeline/data/prepared/metrics_cumulative_4_window.csv
      md5: affde752436dbd9483f77f9453aed5b9
      size: 6095853
    - path: data_analysis_pipeline/data/prepared/metrics_isolated.csv
      md5: ab0dc74ffae09507d6ad604453d4c593
      size: 2211828
    - path: data_analysis_pipeline/data/prepared/production_members_final.csv
      md5: 67b926e8c58fe502fe285cd8029d0fc4
      size: 8985810
    - path: data_analysis_pipeline/scripts/generate_analysis.py
      md5: 7ab6d44a078032db9535ebf32e1ee7e0
      size: 35954
    outs:
    - path: data_analysis_pipeline/data/output
      md5: 5aef332a93592f5bebe8e87d88f52d73.dir
      size: 16932113
      nfiles: 33
